
Microsoft Visual Studio Solution File, Format Version 12.00
# Visual Studio Version 17
VisualStudioVersion = 17.3.32922.545
MinimumVisualStudioVersion = 10.0.40219.1
Project("{FAE04EC0-301F-11D3-BF4B-00C04F79EFBC}") = "SMS.Application", "SMS.Application\SMS.Application.csproj", "{C31E27EB-2170-48FF-8BA1-9056B1A4999D}"
EndProject
Project("{9A19103F-16F7-4668-BE54-9A1E7A4F7556}") = "SMS.Persistence", "SMS.Persistence\SMS.Persistence.csproj", "{A25F7E48-22CD-48F9-9B98-8C5DFB8B677F}"
EndProject
Project("{9A19103F-16F7-4668-BE54-9A1E7A4F7556}") = "SMS.Domain", "SMS.Domain\SMS.Domain.csproj", "{AD4C6662-B0C7-428D-8D2A-9B956879E594}"
EndProject
Project("{9A19103F-16F7-4668-BE54-9A1E7A4F7556}") = "SMS.Infrastructure", "SMS.Infrastructure\SMS.Infrastructure.csproj", "{FEAA19A1-2759-4B02-87FE-39F1CD8D4AB3}"
EndProject
Project("{9A19103F-16F7-4668-BE54-9A1E7A4F7556}") = "SMS.Api", "SMS.Api\SMS.Api.csproj", "{C36314E5-E655-4DD3-8B13-E71605516699}"
EndProject
Project("{2150E333-8FDC-42A3-9474-1A3956D46DE8}") = "src", "src", "{1BD2307A-1ED7-4DF3-9EFE-49DB959B0FD1}"
EndProject
Project("{2150E333-8FDC-42A3-9474-1A3956D46DE8}") = "Core", "Core", "{7A63FA25-7158-4330-905A-176DACE1B097}"
EndProject
Project("{2150E333-8FDC-42A3-9474-1A3956D46DE8}") = "Infrastructure", "Infrastructure", "{8DCFAE74-F194-4A91-8C57-B806D4EBCFC4}"
EndProject
Project("{2150E333-8FDC-42A3-9474-1A3956D46DE8}") = "Api", "Api", "{25404307-E01D-4770-856D-1714240740D6}"
EndProject
Project("{2150E333-8FDC-42A3-9474-1A3956D46DE8}") = "Common", "Common", "{44F1184D-B899-4F3F-9192-A6DCD104B925}"
EndProject
Project("{FAE04EC0-301F-11D3-BF4B-00C04F79EFBC}") = "SMS.Common", "SMS.Common\SMS.Common.csproj", "{E5E725BB-90D6-4B0D-B2E9-1D163EA82DCB}"
EndProject
Project("{2150E333-8FDC-42A3-9474-1A3956D46DE8}") = "BackgroundJob", "BackgroundJob", "{586C2A65-C43D-4F3B-84F3-83993173DA68}"
EndProject
Project("{FAE04EC0-301F-11D3-BF4B-00C04F79EFBC}") = "SMS.BackgroundJob.Scheduler", "SMS.BackgroundJob.Scheduler\SMS.BackgroundJob.Scheduler.csproj", "{BA2F17F3-EBEA-49F5-A97B-11D2F02E81D7}"
EndProject
Project("{FAE04EC0-301F-11D3-BF4B-00C04F79EFBC}") = "SMS.BackgroundJob.Processor", "SMS.BackgroundJob.Processor\SMS.BackgroundJob.Processor.csproj", "{2C621698-4550-49C5-BF3D-ADA3567C8860}"
EndProject
Global
	GlobalSection(SolutionConfigurationPlatforms) = preSolution
		Debug|Any CPU = Debug|Any CPU
		Release|Any CPU = Release|Any CPU
	EndGlobalSection
	GlobalSection(ProjectConfigurationPlatforms) = postSolution
		{C31E27EB-2170-48FF-8BA1-9056B1A4999D}.Debug|Any CPU.ActiveCfg = Debug|Any CPU
		{C31E27EB-2170-48FF-8BA1-9056B1A4999D}.Debug|Any CPU.Build.0 = Debug|Any CPU
		{C31E27EB-2170-48FF-8BA1-9056B1A4999D}.Release|Any CPU.ActiveCfg = Release|Any CPU
		{C31E27EB-2170-48FF-8BA1-9056B1A4999D}.Release|Any CPU.Build.0 = Release|Any CPU
		{A25F7E48-22CD-48F9-9B98-8C5DFB8B677F}.Debug|Any CPU.ActiveCfg = Debug|Any CPU
		{A25F7E48-22CD-48F9-9B98-8C5DFB8B677F}.Debug|Any CPU.Build.0 = Debug|Any CPU
		{A25F7E48-22CD-48F9-9B98-8C5DFB8B677F}.Release|Any CPU.ActiveCfg = Release|Any CPU
		{A25F7E48-22CD-48F9-9B98-8C5DFB8B677F}.Release|Any CPU.Build.0 = Release|Any CPU
		{AD4C6662-B0C7-428D-8D2A-9B956879E594}.Debug|Any CPU.ActiveCfg = Debug|Any CPU
		{AD4C6662-B0C7-428D-8D2A-9B956879E594}.Debug|Any CPU.Build.0 = Debug|Any CPU
		{AD4C6662-B0C7-428D-8D2A-9B956879E594}.Release|Any CPU.ActiveCfg = Release|Any CPU
		{AD4C6662-B0C7-428D-8D2A-9B956879E594}.Release|Any CPU.Build.0 = Release|Any CPU
		{FEAA19A1-2759-4B02-87FE-39F1CD8D4AB3}.Debug|Any CPU.ActiveCfg = Debug|Any CPU
		{FEAA19A1-2759-4B02-87FE-39F1CD8D4AB3}.Debug|Any CPU.Build.0 = Debug|Any CPU
		{FEAA19A1-2759-4B02-87FE-39F1CD8D4AB3}.Release|Any CPU.ActiveCfg = Release|Any CPU
		{FEAA19A1-2759-4B02-87FE-39F1CD8D4AB3}.Release|Any CPU.Build.0 = Release|Any CPU
		{C36314E5-E655-4DD3-8B13-E71605516699}.Debug|Any CPU.ActiveCfg = Debug|Any CPU
		{C36314E5-E655-4DD3-8B13-E71605516699}.Debug|Any CPU.Build.0 = Debug|Any CPU
		{C36314E5-E655-4DD3-8B13-E71605516699}.Release|Any CPU.ActiveCfg = Release|Any CPU
		{C36314E5-E655-4DD3-8B13-E71605516699}.Release|Any CPU.Build.0 = Release|Any CPU
		{E5E725BB-90D6-4B0D-B2E9-1D163EA82DCB}.Debug|Any CPU.ActiveCfg = Debug|Any CPU
		{E5E725BB-90D6-4B0D-B2E9-1D163EA82DCB}.Debug|Any CPU.Build.0 = Debug|Any CPU
		{E5E725BB-90D6-4B0D-B2E9-1D163EA82DCB}.Release|Any CPU.ActiveCfg = Release|Any CPU
		{E5E725BB-90D6-4B0D-B2E9-1D163EA82DCB}.Release|Any CPU.Build.0 = Release|Any CPU
		{BA2F17F3-EBEA-49F5-A97B-11D2F02E81D7}.Debug|Any CPU.ActiveCfg = Debug|Any CPU
		{BA2F17F3-EBEA-49F5-A97B-11D2F02E81D7}.Debug|Any CPU.Build.0 = Debug|Any CPU
		{BA2F17F3-EBEA-49F5-A97B-11D2F02E81D7}.Release|Any CPU.ActiveCfg = Release|Any CPU
		{BA2F17F3-EBEA-49F5-A97B-11D2F02E81D7}.Release|Any CPU.Build.0 = Release|Any CPU
		{2C621698-4550-49C5-BF3D-ADA3567C8860}.Debug|Any CPU.ActiveCfg = Debug|Any CPU
		{2C621698-4550-49C5-BF3D-ADA3567C8860}.Debug|Any CPU.Build.0 = Debug|Any CPU
		{2C621698-4550-49C5-BF3D-ADA3567C8860}.Release|Any CPU.ActiveCfg = Release|Any CPU
		{2C621698-4550-49C5-BF3D-ADA3567C8860}.Release|Any CPU.Build.0 = Release|Any CPU
	EndGlobalSection
	GlobalSection(SolutionProperties) = preSolution
		HideSolutionNode = FALSE
	EndGlobalSection
	GlobalSection(NestedProjects) = preSolution
		{C31E27EB-2170-48FF-8BA1-9056B1A4999D} = {7A63FA25-7158-4330-905A-176DACE1B097}
		{A25F7E48-22CD-48F9-9B98-8C5DFB8B677F} = {8DCFAE74-F194-4A91-8C57-B806D4EBCFC4}
		{AD4C6662-B0C7-428D-8D2A-9B956879E594} = {7A63FA25-7158-4330-905A-176DACE1B097}
		{FEAA19A1-2759-4B02-87FE-39F1CD8D4AB3} = {8DCFAE74-F194-4A91-8C57-B806D4EBCFC4}
		{C36314E5-E655-4DD3-8B13-E71605516699} = {25404307-E01D-4770-856D-1714240740D6}
		{7A63FA25-7158-4330-905A-176DACE1B097} = {1BD2307A-1ED7-4DF3-9EFE-49DB959B0FD1}
		{8DCFAE74-F194-4A91-8C57-B806D4EBCFC4} = {1BD2307A-1ED7-4DF3-9EFE-49DB959B0FD1}
		{25404307-E01D-4770-856D-1714240740D6} = {1BD2307A-1ED7-4DF3-9EFE-49DB959B0FD1}
		{44F1184D-B899-4F3F-9192-A6DCD104B925} = {1BD2307A-1ED7-4DF3-9EFE-49DB959B0FD1}
		{E5E725BB-90D6-4B0D-B2E9-1D163EA82DCB} = {44F1184D-B899-4F3F-9192-A6DCD104B925}
		{586C2A65-C43D-4F3B-84F3-83993173DA68} = {1BD2307A-1ED7-4DF3-9EFE-49DB959B0FD1}
		{BA2F17F3-EBEA-49F5-A97B-11D2F02E81D7} = {586C2A65-C43D-4F3B-84F3-83993173DA68}
		{2C621698-4550-49C5-BF3D-ADA3567C8860} = {586C2A65-C43D-4F3B-84F3-83993173DA68}
	EndGlobalSection
	GlobalSection(ExtensibilityGlobals) = postSolution
		SolutionGuid = {9259AE35-1A5E-400D-83B8-130356D7393B}
	EndGlobalSection
EndGlobal
